
Microsoft Visual Studio Solution File, Format Version 12.00
# Visual Studio 2013
VisualStudioVersion = 12.0.31101.0
MinimumVisualStudioVersion = 10.0.40219.1
Project("{FAE04EC0-301F-11D3-BF4B-00C04F79EFBC}") = "Client", "StartWindow\Client.csproj", "{CBD4B31D-23B0-4C40-A275-A9DE16F8EEC9}"
EndProject
Project("{FAE04EC0-301F-11D3-BF4B-00C04F79EFBC}") = "Comunication", "Comunication\Comunication.csproj", "{8CFF90EC-C733-43B3-AB42-12B695D8FEF5}"
EndProject
Project("{FAE04EC0-301F-11D3-BF4B-00C04F79EFBC}") = "Server", "Server\Server.csproj", "{8CD3731A-5CAB-4E05-AB5D-BCD653CE8362}"
EndProject
Global
	GlobalSection(SolutionConfigurationPlatforms) = preSolution
		Debug|Any CPU = Debug|Any CPU
		Release|Any CPU = Release|Any CPU
	EndGlobalSection
	GlobalSection(ProjectConfigurationPlatforms) = postSolution
		{CBD4B31D-23B0-4C40-A275-A9DE16F8EEC9}.Debug|Any CPU.ActiveCfg = Debug|Any CPU
		{CBD4B31D-23B0-4C40-A275-A9DE16F8EEC9}.Debug|Any CPU.Build.0 = Debug|Any CPU
		{CBD4B31D-23B0-4C40-A275-A9DE16F8EEC9}.Release|Any CPU.ActiveCfg = Release|Any CPU
		{CBD4B31D-23B0-4C40-A275-A9DE16F8EEC9}.Release|Any CPU.Build.0 = Release|Any CPU
		{8CFF90EC-C733-43B3-AB42-12B695D8FEF5}.Debug|Any CPU.ActiveCfg = Debug|Any CPU
		{8CFF90EC-C733-43B3-AB42-12B695D8FEF5}.Debug|Any CPU.Build.0 = Debug|Any CPU
		{8CFF90EC-C733-43B3-AB42-12B695D8FEF5}.Release|Any CPU.ActiveCfg = Release|Any CPU
		{8CFF90EC-C733-43B3-AB42-12B695D8FEF5}.Release|Any CPU.Build.0 = Release|Any CPU
		{8CD3731A-5CAB-4E05-AB5D-BCD653CE8362}.Debug|Any CPU.ActiveCfg = Debug|Any CPU
		{8CD3731A-5CAB-4E05-AB5D-BCD653CE8362}.Debug|Any CPU.Build.0 = Debug|Any CPU
		{8CD3731A-5CAB-4E05-AB5D-BCD653CE8362}.Release|Any CPU.ActiveCfg = Release|Any CPU
		{8CD3731A-5CAB-4E05-AB5D-BCD653CE8362}.Release|Any CPU.Build.0 = Release|Any CPU
	EndGlobalSection
	GlobalSection(SolutionProperties) = preSolution
		HideSolutionNode = FALSE
	EndGlobalSection
EndGlobal
